
Microsoft Visual Studio Solution File, Format Version 12.00
# Visual Studio 2012
Project("{FAE04EC0-301F-11D3-BF4B-00C04F79EFBC}") = "ROMPCheckIn", "ROMPCheckIn\ROMPCheckIn.csproj", "{7F3D3387-0DDF-4AD0-A136-B74F57145F89}"
EndProject
Project("{FAE04EC0-301F-11D3-BF4B-00C04F79EFBC}") = "ROMPCheckIn.UITests", "ROMPCheckIn.UITests\ROMPCheckIn.UITests.csproj", "{93620F3F-1B67-4DFF-9848-23686E41DC56}"
EndProject
Global
	GlobalSection(SolutionConfigurationPlatforms) = preSolution
		Debug|Any CPU = Debug|Any CPU
		Release|Any CPU = Release|Any CPU
	EndGlobalSection
	GlobalSection(ProjectConfigurationPlatforms) = postSolution
		{7F3D3387-0DDF-4AD0-A136-B74F57145F89}.Debug|Any CPU.ActiveCfg = Debug|Any CPU
		{7F3D3387-0DDF-4AD0-A136-B74F57145F89}.Debug|Any CPU.Build.0 = Debug|Any CPU
		{7F3D3387-0DDF-4AD0-A136-B74F57145F89}.Release|Any CPU.ActiveCfg = Release|Any CPU
		{7F3D3387-0DDF-4AD0-A136-B74F57145F89}.Release|Any CPU.Build.0 = Release|Any CPU
		{93620F3F-1B67-4DFF-9848-23686E41DC56}.Debug|Any CPU.ActiveCfg = Debug|Any CPU
		{93620F3F-1B67-4DFF-9848-23686E41DC56}.Debug|Any CPU.Build.0 = Debug|Any CPU
		{93620F3F-1B67-4DFF-9848-23686E41DC56}.Release|Any CPU.ActiveCfg = Release|Any CPU
		{93620F3F-1B67-4DFF-9848-23686E41DC56}.Release|Any CPU.Build.0 = Release|Any CPU
	EndGlobalSection
EndGlobal
